
Microsoft Visual Studio Solution File, Format Version 12.00
# Visual Studio Version 17
VisualStudioVersion = 17.8.34330.188
MinimumVisualStudioVersion = 10.0.40219.1
Project("{FAE04EC0-301F-11D3-BF4B-00C04F79EFBC}") = "CSharp-DatoveSoubory", "CSharp-DatoveSoubory\CSharp-DatoveSoubory.csproj", "{E91B479B-E169-4608-A185-574C78510D8F}"
EndProject
Project("{FAE04EC0-301F-11D3-BF4B-00C04F79EFBC}") = "01", "01\01.csproj", "{617F33E2-0F4C-4100-8C3A-05F7A1D2F1AA}"
EndProject
Project("{FAE04EC0-301F-11D3-BF4B-00C04F79EFBC}") = "02", "02\02.csproj", "{17F878B5-A760-468D-B7CF-9C6316E74FA4}"
EndProject
Project("{FAE04EC0-301F-11D3-BF4B-00C04F79EFBC}") = "03", "03\03.csproj", "{C8EC9027-E583-474B-9FE6-37F4C85148FC}"
EndProject
Project("{FAE04EC0-301F-11D3-BF4B-00C04F79EFBC}") = "04", "04\04.csproj", "{148C9C96-D098-47C7-99F0-253C01D0AD6F}"
EndProject
Project("{FAE04EC0-301F-11D3-BF4B-00C04F79EFBC}") = "05", "05\05.csproj", "{11F7AD9B-B2F2-41B2-B157-4B8AA1DA12BA}"
EndProject
Project("{FAE04EC0-301F-11D3-BF4B-00C04F79EFBC}") = "06", "06\06.csproj", "{FA6885A2-F306-43CC-A25D-64A7F07B1CB3}"
EndProject
Project("{FAE04EC0-301F-11D3-BF4B-00C04F79EFBC}") = "07", "07\07.csproj", "{C4FBD328-A8EB-493E-B983-C4E5E8361856}"
EndProject
Project("{FAE04EC0-301F-11D3-BF4B-00C04F79EFBC}") = "08", "08\08.csproj", "{1AD39965-D5B6-4538-BAFD-8F4B4EF30483}"
EndProject
Project("{FAE04EC0-301F-11D3-BF4B-00C04F79EFBC}") = "09", "09\09.csproj", "{C10DB0E3-E7D7-4B39-89D0-D709E059C278}"
EndProject
Project("{FAE04EC0-301F-11D3-BF4B-00C04F79EFBC}") = "10", "10\10.csproj", "{17AE8312-35B8-4EB3-B96F-D5996E04B920}"
EndProject
Global
	GlobalSection(SolutionConfigurationPlatforms) = preSolution
		Debug|Any CPU = Debug|Any CPU
		Release|Any CPU = Release|Any CPU
	EndGlobalSection
	GlobalSection(ProjectConfigurationPlatforms) = postSolution
		{E91B479B-E169-4608-A185-574C78510D8F}.Debug|Any CPU.ActiveCfg = Debug|Any CPU
		{E91B479B-E169-4608-A185-574C78510D8F}.Debug|Any CPU.Build.0 = Debug|Any CPU
		{E91B479B-E169-4608-A185-574C78510D8F}.Release|Any CPU.ActiveCfg = Release|Any CPU
		{E91B479B-E169-4608-A185-574C78510D8F}.Release|Any CPU.Build.0 = Release|Any CPU
		{617F33E2-0F4C-4100-8C3A-05F7A1D2F1AA}.Debug|Any CPU.ActiveCfg = Debug|Any CPU
		{617F33E2-0F4C-4100-8C3A-05F7A1D2F1AA}.Debug|Any CPU.Build.0 = Debug|Any CPU
		{617F33E2-0F4C-4100-8C3A-05F7A1D2F1AA}.Release|Any CPU.ActiveCfg = Release|Any CPU
		{617F33E2-0F4C-4100-8C3A-05F7A1D2F1AA}.Release|Any CPU.Build.0 = Release|Any CPU
		{17F878B5-A760-468D-B7CF-9C6316E74FA4}.Debug|Any CPU.ActiveCfg = Debug|Any CPU
		{17F878B5-A760-468D-B7CF-9C6316E74FA4}.Debug|Any CPU.Build.0 = Debug|Any CPU
		{17F878B5-A760-468D-B7CF-9C6316E74FA4}.Release|Any CPU.ActiveCfg = Release|Any CPU
		{17F878B5-A760-468D-B7CF-9C6316E74FA4}.Release|Any CPU.Build.0 = Release|Any CPU
		{C8EC9027-E583-474B-9FE6-37F4C85148FC}.Debug|Any CPU.ActiveCfg = Debug|Any CPU
		{C8EC9027-E583-474B-9FE6-37F4C85148FC}.Debug|Any CPU.Build.0 = Debug|Any CPU
		{C8EC9027-E583-474B-9FE6-37F4C85148FC}.Release|Any CPU.ActiveCfg = Release|Any CPU
		{C8EC9027-E583-474B-9FE6-37F4C85148FC}.Release|Any CPU.Build.0 = Release|Any CPU
		{148C9C96-D098-47C7-99F0-253C01D0AD6F}.Debug|Any CPU.ActiveCfg = Debug|Any CPU
		{148C9C96-D098-47C7-99F0-253C01D0AD6F}.Debug|Any CPU.Build.0 = Debug|Any CPU
		{148C9C96-D098-47C7-99F0-253C01D0AD6F}.Release|Any CPU.ActiveCfg = Release|Any CPU
		{148C9C96-D098-47C7-99F0-253C01D0AD6F}.Release|Any CPU.Build.0 = Release|Any CPU
		{11F7AD9B-B2F2-41B2-B157-4B8AA1DA12BA}.Debug|Any CPU.ActiveCfg = Debug|Any CPU
		{11F7AD9B-B2F2-41B2-B157-4B8AA1DA12BA}.Debug|Any CPU.Build.0 = Debug|Any CPU
		{11F7AD9B-B2F2-41B2-B157-4B8AA1DA12BA}.Release|Any CPU.ActiveCfg = Release|Any CPU
		{11F7AD9B-B2F2-41B2-B157-4B8AA1DA12BA}.Release|Any CPU.Build.0 = Release|Any CPU
		{FA6885A2-F306-43CC-A25D-64A7F07B1CB3}.Debug|Any CPU.ActiveCfg = Debug|Any CPU
		{FA6885A2-F306-43CC-A25D-64A7F07B1CB3}.Debug|Any CPU.Build.0 = Debug|Any CPU
		{FA6885A2-F306-43CC-A25D-64A7F07B1CB3}.Release|Any CPU.ActiveCfg = Release|Any CPU
		{FA6885A2-F306-43CC-A25D-64A7F07B1CB3}.Release|Any CPU.Build.0 = Release|Any CPU
		{C4FBD328-A8EB-493E-B983-C4E5E8361856}.Debug|Any CPU.ActiveCfg = Debug|Any CPU
		{C4FBD328-A8EB-493E-B983-C4E5E8361856}.Debug|Any CPU.Build.0 = Debug|Any CPU
		{C4FBD328-A8EB-493E-B983-C4E5E8361856}.Release|Any CPU.ActiveCfg = Release|Any CPU
		{C4FBD328-A8EB-493E-B983-C4E5E8361856}.Release|Any CPU.Build.0 = Release|Any CPU
		{1AD39965-D5B6-4538-BAFD-8F4B4EF30483}.Debug|Any CPU.ActiveCfg = Debug|Any CPU
		{1AD39965-D5B6-4538-BAFD-8F4B4EF30483}.Debug|Any CPU.Build.0 = Debug|Any CPU
		{1AD39965-D5B6-4538-BAFD-8F4B4EF30483}.Release|Any CPU.ActiveCfg = Release|Any CPU
		{1AD39965-D5B6-4538-BAFD-8F4B4EF30483}.Release|Any CPU.Build.0 = Release|Any CPU
		{C10DB0E3-E7D7-4B39-89D0-D709E059C278}.Debug|Any CPU.ActiveCfg = Debug|Any CPU
		{C10DB0E3-E7D7-4B39-89D0-D709E059C278}.Debug|Any CPU.Build.0 = Debug|Any CPU
		{C10DB0E3-E7D7-4B39-89D0-D709E059C278}.Release|Any CPU.ActiveCfg = Release|Any CPU
		{C10DB0E3-E7D7-4B39-89D0-D709E059C278}.Release|Any CPU.Build.0 = Release|Any CPU
		{17AE8312-35B8-4EB3-B96F-D5996E04B920}.Debug|Any CPU.ActiveCfg = Debug|Any CPU
		{17AE8312-35B8-4EB3-B96F-D5996E04B920}.Debug|Any CPU.Build.0 = Debug|Any CPU
		{17AE8312-35B8-4EB3-B96F-D5996E04B920}.Release|Any CPU.ActiveCfg = Release|Any CPU
		{17AE8312-35B8-4EB3-B96F-D5996E04B920}.Release|Any CPU.Build.0 = Release|Any CPU
	EndGlobalSection
	GlobalSection(SolutionProperties) = preSolution
		HideSolutionNode = FALSE
	EndGlobalSection
	GlobalSection(ExtensibilityGlobals) = postSolution
		SolutionGuid = {69C7A909-27A6-401E-9A11-E1D55DCDD166}
	EndGlobalSection
EndGlobal
